
Microsoft Visual Studio Solution File, Format Version 12.00
# Visual Studio Version 16
VisualStudioVersion = 16.0.30011.22
MinimumVisualStudioVersion = 10.0.40219.1
Project("{FAE04EC0-301F-11D3-BF4B-00C04F79EFBC}") = "Tutorials_Angular", "Tutorials_Angular.csproj", "{7A929C79-DEEC-4A3D-9AC5-BA8B2DF10F8F}"
EndProject
Global
	GlobalSection(SolutionConfigurationPlatforms) = preSolution
		Debug|Any CPU = Debug|Any CPU
		Release|Any CPU = Release|Any CPU
	EndGlobalSection
	GlobalSection(ProjectConfigurationPlatforms) = postSolution
		{7A929C79-DEEC-4A3D-9AC5-BA8B2DF10F8F}.Debug|Any CPU.ActiveCfg = Debug|Any CPU
		{7A929C79-DEEC-4A3D-9AC5-BA8B2DF10F8F}.Debug|Any CPU.Build.0 = Debug|Any CPU
		{7A929C79-DEEC-4A3D-9AC5-BA8B2DF10F8F}.Release|Any CPU.ActiveCfg = Release|Any CPU
		{7A929C79-DEEC-4A3D-9AC5-BA8B2DF10F8F}.Release|Any CPU.Build.0 = Release|Any CPU
	EndGlobalSection
	GlobalSection(SolutionProperties) = preSolution
		HideSolutionNode = FALSE
	EndGlobalSection
	GlobalSection(ExtensibilityGlobals) = postSolution
		SolutionGuid = {F21A893C-0E7C-426C-8232-259419539F05}
	EndGlobalSection
EndGlobal
